
Microsoft Visual Studio Solution File, Format Version 12.00
# Visual Studio Version 17
VisualStudioVersion = 17.7.34031.279
MinimumVisualStudioVersion = 10.0.40219.1
Project("{FAE04EC0-301F-11D3-BF4B-00C04F79EFBC}") = "Sorteringsalgoritm_2023", "Sorteringsalgoritm_2023.csproj", "{4F9ACDF5-10A9-4922-B50A-3F31DF942B71}"
EndProject
Global
	GlobalSection(SolutionConfigurationPlatforms) = preSolution
		Debug|Any CPU = Debug|Any CPU
		Release|Any CPU = Release|Any CPU
	EndGlobalSection
	GlobalSection(ProjectConfigurationPlatforms) = postSolution
		{4F9ACDF5-10A9-4922-B50A-3F31DF942B71}.Debug|Any CPU.ActiveCfg = Debug|Any CPU
		{4F9ACDF5-10A9-4922-B50A-3F31DF942B71}.Debug|Any CPU.Build.0 = Debug|Any CPU
		{4F9ACDF5-10A9-4922-B50A-3F31DF942B71}.Release|Any CPU.ActiveCfg = Release|Any CPU
		{4F9ACDF5-10A9-4922-B50A-3F31DF942B71}.Release|Any CPU.Build.0 = Release|Any CPU
	EndGlobalSection
	GlobalSection(SolutionProperties) = preSolution
		HideSolutionNode = FALSE
	EndGlobalSection
	GlobalSection(ExtensibilityGlobals) = postSolution
		SolutionGuid = {9B559B61-4627-4BBD-A4B6-A6371C7DEE59}
	EndGlobalSection
EndGlobal
